// !$*UTF8*$!
{
	archiveVersion = 1;
	classes = {
	};
	objectVersion = 46;
	objects = {

/* Begin PBXBuildFile section */
		043E9704D2A1431726070856 /* Pods_Uber4Snakz.framework in Frameworks */ = {isa = PBXBuildFile; fileRef = 5EC5B189DE60BE16F8805203 /* Pods_Uber4Snakz.framework */; };
		80B9E0AC1D53AE4800E97B9C /* AppDelegate.swift in Sources */ = {isa = PBXBuildFile; fileRef = 80B9E0AB1D53AE4800E97B9C /* AppDelegate.swift */; };
		80B9E0AE1D53AE4800E97B9C /* ViewController.swift in Sources */ = {isa = PBXBuildFile; fileRef = 80B9E0AD1D53AE4800E97B9C /* ViewController.swift */; };
		80B9E0B11D53AE4800E97B9C /* Main.storyboard in Resources */ = {isa = PBXBuildFile; fileRef = 80B9E0AF1D53AE4800E97B9C /* Main.storyboard */; };
		80B9E0B31D53AE4800E97B9C /* Assets.xcassets in Resources */ = {isa = PBXBuildFile; fileRef = 80B9E0B21D53AE4800E97B9C /* Assets.xcassets */; };
		80B9E0B61D53AE4800E97B9C /* LaunchScreen.storyboard in Resources */ = {isa = PBXBuildFile; fileRef = 80B9E0B41D53AE4800E97B9C /* LaunchScreen.storyboard */; };
/* End PBXBuildFile section */

/* Begin PBXFileReference section */
		5EC5B189DE60BE16F8805203 /* Pods_Uber4Snakz.framework */ = {isa = PBXFileReference; explicitFileType = wrapper.framework; includeInIndex = 0; path = Pods_Uber4Snakz.framework; sourceTree = BUILT_PRODUCTS_DIR; };
		80B9E0A81D53AE4800E97B9C /* Uber4Snakz.app */ = {isa = PBXFileReference; explicitFileType = wrapper.application; includeInIndex = 0; path = Uber4Snakz.app; sourceTree = BUILT_PRODUCTS_DIR; };
		80B9E0AB1D53AE4800E97B9C /* AppDelegate.swift */ = {isa = PBXFileReference; lastKnownFileType = sourcecode.swift; path = AppDelegate.swift; sourceTree = "<group>"; };
		80B9E0AD1D53AE4800E97B9C /* ViewController.swift */ = {isa = PBXFileReference; lastKnownFileType = sourcecode.swift; path = ViewController.swift; sourceTree = "<group>"; };
		80B9E0B01D53AE4800E97B9C /* Base */ = {isa = PBXFileReference; lastKnownFileType = file.storyboard; name = Base; path = Base.lproj/Main.storyboard; sourceTree = "<group>"; };
		80B9E0B21D53AE4800E97B9C /* Assets.xcassets */ = {isa = PBXFileReference; lastKnownFileType = folder.assetcatalog; path = Assets.xcassets; sourceTree = "<group>"; };
		80B9E0B51D53AE4800E97B9C /* Base */ = {isa = PBXFileReference; lastKnownFileType = file.storyboard; name = Base; path = Base.lproj/LaunchScreen.storyboard; sourceTree = "<group>"; };
		80B9E0B71D53AE4800E97B9C /* Info.plist */ = {isa = PBXFileReference; lastKnownFileType = text.plist.xml; path = Info.plist; sourceTree = "<group>"; };
		822C4C92836B0C0445316EBB /* Pods-Uber4Snakz.release.xcconfig */ = {isa = PBXFileReference; includeInIndex = 1; lastKnownFileType = text.xcconfig; name = "Pods-Uber4Snakz.release.xcconfig"; path = "Pods/Target Support Files/Pods-Uber4Snakz/Pods-Uber4Snakz.release.xcconfig"; sourceTree = "<group>"; };
		FE8D5E46F98FC844BE6672D4 /* Pods-Uber4Snakz.debug.xcconfig */ = {isa = PBXFileReference; includeInIndex = 1; lastKnownFileType = text.xcconfig; name = "Pods-Uber4Snakz.debug.xcconfig"; path = "Pods/Target Support Files/Pods-Uber4Snakz/Pods-Uber4Snakz.debug.xcconfig"; sourceTree = "<group>"; };
/* End PBXFileReference section */

/* Begin PBXFrameworksBuildPhase section */
		80B9E0A51D53AE4800E97B9C /* Frameworks */ = {
			isa = PBXFrameworksBuildPhase;
			buildActionMask = 2147483647;
			files = (
				043E9704D2A1431726070856 /* Pods_Uber4Snakz.framework in Frameworks */,
			);
			runOnlyForDeploymentPostprocessing = 0;
		};
/* End PBXFrameworksBuildPhase section */

/* Begin PBXGroup section */
		19548C34F75FB7BBBFD2364D /* Pods */ = {
			isa = PBXGroup;
			children = (
				FE8D5E46F98FC844BE6672D4 /* Pods-Uber4Snakz.debug.xcconfig */,
				822C4C92836B0C0445316EBB /* Pods-Uber4Snakz.release.xcconfig */,
			);
			name = Pods;
			sourceTree = "<group>";
		};
		40213CA7129FD83DF136D30B /* Frameworks */ = {
			isa = PBXGroup;
			children = (
				5EC5B189DE60BE16F8805203 /* Pods_Uber4Snakz.framework */,
			);
			name = Frameworks;
			sourceTree = "<group>";
		};
		80B9E09F1D53AE4800E97B9C = {
			isa = PBXGroup;
			children = (
				80B9E0AA1D53AE4800E97B9C /* Uber4Snakz */,
				80B9E0A91D53AE4800E97B9C /* Products */,
				19548C34F75FB7BBBFD2364D /* Pods */,
				40213CA7129FD83DF136D30B /* Frameworks */,
			);
			sourceTree = "<group>";
		};
		80B9E0A91D53AE4800E97B9C /* Products */ = {
			isa = PBXGroup;
			children = (
				80B9E0A81D53AE4800E97B9C /* Uber4Snakz.app */,
			);
			name = Products;
			sourceTree = "<group>";
		};
		80B9E0AA1D53AE4800E97B9C /* Uber4Snakz */ = {
			isa = PBXGroup;
			children = (
				80B9E0AB1D53AE4800E97B9C /* AppDelegate.swift */,
				80B9E0AD1D53AE4800E97B9C /* ViewController.swift */,
				80B9E0AF1D53AE4800E97B9C /* Main.storyboard */,
				80B9E0B21D53AE4800E97B9C /* Assets.xcassets */,
				80B9E0B41D53AE4800E97B9C /* LaunchScreen.storyboard */,
				80B9E0B71D53AE4800E97B9C /* Info.plist */,
			);
			path = Uber4Snakz;
			sourceTree = "<group>";
		};
/* End PBXGroup section */

/* Begin PBXNativeTarget section */
		80B9E0A71D53AE4800E97B9C /* Uber4Snakz */ = {
			isa = PBXNativeTarget;
			buildConfigurationList = 80B9E0BA1D53AE4800E97B9C /* Build configuration list for PBXNativeTarget "Uber4Snakz" */;
			buildPhases = (
				45A6F5AEB3CC93E2FB08B231 /* [CP] Check Pods Manifest.lock */,
				80B9E0A41D53AE4800E97B9C /* Sources */,
				80B9E0A51D53AE4800E97B9C /* Frameworks */,
				80B9E0A61D53AE4800E97B9C /* Resources */,
				E2F6D317146A4CE164F0EF23 /* [CP] Embed Pods Frameworks */,
				C2E8A4DE3EAC7462E9C12ED0 /* [CP] Copy Pods Resources */,
			);
			buildRules = (
			);
			dependencies = (
			);
			name = Uber4Snakz;
			productName = Uber4Snakz;
			productReference = 80B9E0A81D53AE4800E97B9C /* Uber4Snakz.app */;
			productType = "com.apple.product-type.application";
		};
/* End PBXNativeTarget section */

/* Begin PBXProject section */
		80B9E0A01D53AE4800E97B9C /* Project object */ = {
			isa = PBXProject;
			attributes = {
				LastSwiftUpdateCheck = 0730;
				LastUpgradeCheck = 0730;
				ORGANIZATIONNAME = ijvp;
				TargetAttributes = {
					80B9E0A71D53AE4800E97B9C = {
						CreatedOnToolsVersion = 7.3.1;
					};
				};
			};
			buildConfigurationList = 80B9E0A31D53AE4800E97B9C /* Build configuration list for PBXProject "Uber4Snakz" */;
			compatibilityVersion = "Xcode 3.2";
			developmentRegion = English;
			hasScannedForEncodings = 0;
			knownRegions = (
				en,
				Base,
			);
			mainGroup = 80B9E09F1D53AE4800E97B9C;
			productRefGroup = 80B9E0A91D53AE4800E97B9C /* Products */;
			projectDirPath = "";
			projectRoot = "";
			targets = (
				80B9E0A71D53AE4800E97B9C /* Uber4Snakz */,
			);
		};
/* End PBXProject section */

/* Begin PBXResourcesBuildPhase section */
		80B9E0A61D53AE4800E97B9C /* Resources */ = {
			isa = PBXResourcesBuildPhase;
			buildActionMask = 2147483647;
			files = (
				80B9E0B61D53AE4800E97B9C /* LaunchScreen.storyboard in Resources */,
				80B9E0B31D53AE4800E97B9C /* Assets.xcassets in Resources */,
				80B9E0B11D53AE4800E97B9C /* Main.storyboard in Resources */,
			);
			runOnlyForDeploymentPostprocessing = 0;
		};
/* End PBXResourcesBuildPhase section */

/* Begin PBXShellScriptBuildPhase section */
		45A6F5AEB3CC93E2FB08B231 /* [CP] Check Pods Manifest.lock */ = {
			isa = PBXShellScriptBuildPhase;
			buildActionMask = 2147483647;
			files = (
			);
			inputPaths = (
			);
			name = "[CP] Check Pods Manifest.lock";
			outputPaths = (
			);
			runOnlyForDeploymentPostprocessing = 0;
			shellPath = /bin/sh;
			shellScript = "diff \"${PODS_ROOT}/../Podfile.lock\" \"${PODS_ROOT}/Manifest.lock\" > /dev/null\nif [[ $? != 0 ]] ; then\n    cat << EOM\nerror: The sandbox is not in sync with the Podfile.lock. Run 'pod install' or update your CocoaPods installation.\nEOM\n    exit 1\nfi\n";
			showEnvVarsInLog = 0;
		};
		C2E8A4DE3EAC7462E9C12ED0 /* [CP] Copy Pods Resources */ = {
			isa = PBXShellScriptBuildPhase;
			buildActionMask = 2147483647;
			files = (
			);
			inputPaths = (
			);
			name = "[CP] Copy Pods Resources";
			outputPaths = (
			);
			runOnlyForDeploymentPostprocessing = 0;
			shellPath = /bin/sh;
			shellScript = "\"${SRCROOT}/Pods/Target Support Files/Pods-Uber4Snakz/Pods-Uber4Snakz-resources.sh\"\n";
			showEnvVarsInLog = 0;
		};
		E2F6D317146A4CE164F0EF23 /* [CP] Embed Pods Frameworks */ = {
			isa = PBXShellScriptBuildPhase;
			buildActionMask = 2147483647;
			files = (
			);
			inputPaths = (
			);
			name = "[CP] Embed Pods Frameworks";
			outputPaths = (
			);
			runOnlyForDeploymentPostprocessing = 0;
			shellPath = /bin/sh;
			shellScript = "\"${SRCROOT}/Pods/Target Support Files/Pods-Uber4Snakz/Pods-Uber4Snakz-frameworks.sh\"\n";
			showEnvVarsInLog = 0;
		};
/* End PBXShellScriptBuildPhase section */

/* Begin PBXSourcesBuildPhase section */
		80B9E0A41D53AE4800E97B9C /* Sources */ = {
			isa = PBXSourcesBuildPhase;
			buildActionMask = 2147483647;
			files = (
				80B9E0AE1D53AE4800E97B9C /* ViewController.swift in Sources */,
				80B9E0AC1D53AE4800E97B9C /* AppDelegate.swift in Sources */,
			);
			runOnlyForDeploymentPostprocessing = 0;
		};
/* End PBXSourcesBuildPhase section */

/* Begin PBXVariantGroup section */
		80B9E0AF1D53AE4800E97B9C /* Main.storyboard */ = {
			isa = PBXVariantGroup;
			children = (
				80B9E0B01D53AE4800E97B9C /* Base */,
			);
			name = Main.storyboard;
			sourceTree = "<group>";
		};
		80B9E0B41D53AE4800E97B9C /* LaunchScreen.storyboard */ = {
			isa = PBXVariantGroup;
			children = (
				80B9E0B51D53AE4800E97B9C /* Base */,
			);
			name = LaunchScreen.storyboard;
			sourceTree = "<group>";
		};
/* End PBXVariantGroup section */

/* Begin XCBuildConfiguration section */
		80B9E0B81D53AE4800E97B9C /* Debug */ = {
			isa = XCBuildConfiguration;
			buildSettings = {
				ALWAYS_SEARCH_USER_PATHS = NO;
				CLANG_ANALYZER_NONNULL = YES;
				CLANG_CXX_LANGUAGE_STANDARD = "gnu++0x";
				CLANG_CXX_LIBRARY = "libc++";
				CLANG_ENABLE_MODULES = YES;
				CLANG_ENABLE_OBJC_ARC = YES;
				CLANG_WARN_BOOL_CONVERSION = YES;
				CLANG_WARN_CONSTANT_CONVERSION = YES;
				CLANG_WARN_DIRECT_OBJC_ISA_USAGE = YES_ERROR;
				CLANG_WARN_EMPTY_BODY = YES;
				CLANG_WARN_ENUM_CONVERSION = YES;
				CLANG_WARN_INT_CONVERSION = YES;
				CLANG_WARN_OBJC_ROOT_CLASS = YES_ERROR;
				CLANG_WARN_UNREACHABLE_CODE = YES;
				CLANG_WARN__DUPLICATE_METHOD_MATCH = YES;
				"CODE_SIGN_IDENTITY[sdk=iphoneos*]" = "iPhone Developer";
				COPY_PHASE_STRIP = NO;
				DEBUG_INFORMATION_FORMAT = dwarf;
				ENABLE_STRICT_OBJC_MSGSEND = YES;
				ENABLE_TESTABILITY = YES;
				GCC_C_LANGUAGE_STANDARD = gnu99;
				GCC_DYNAMIC_NO_PIC = NO;
				GCC_NO_COMMON_BLOCKS = YES;
				GCC_OPTIMIZATION_LEVEL = 0;
				GCC_PREPROCESSOR_DEFINITIONS = (
					"DEBUG=1",
					"$(inherited)",
				);
				GCC_WARN_64_TO_32_BIT_CONVERSION = YES;
				GCC_WARN_ABOUT_RETURN_TYPE = YES_ERROR;
				GCC_WARN_UNDECLARED_SELECTOR = YES;
				GCC_WARN_UNINITIALIZED_AUTOS = YES_AGGRESSIVE;
				GCC_WARN_UNUSED_FUNCTION = YES;
				GCC_WARN_UNUSED_VARIABLE = YES;
				IPHONEOS_DEPLOYMENT_TARGET = 9.3;
				MTL_ENABLE_DEBUG_INFO = YES;
				ONLY_ACTIVE_ARCH = YES;
				SDKROOT = iphoneos;
				SWIFT_OPTIMIZATION_LEVEL = "-Onone";
				TARGETED_DEVICE_FAMILY = "1,2";
			};
			name = Debug;
		};
		80B9E0B91D53AE4800E97B9C /* Release */ = {
			isa = XCBuildConfiguration;
			buildSettings = {
				ALWAYS_SEARCH_USER_PATHS = NO;
				CLANG_ANALYZER_NONNULL = YES;
				CLANG_CXX_LANGUAGE_STANDARD = "gnu++0x";
				CLANG_CXX_LIBRARY = "libc++";
				CLANG_ENABLE_MODULES = YES;
				CLANG_ENABLE_OBJC_ARC = YES;
				CLANG_WARN_BOOL_CONVERSION = YES;
				CLANG_WARN_CONSTANT_CONVERSION = YES;
				CLANG_WARN_DIRECT_OBJC_ISA_USAGE = YES_ERROR;
				CLANG_WARN_EMPTY_BODY = YES;
				CLANG_WARN_ENUM_CONVERSION = YES;
				CLANG_WARN_INT_CONVERSION = YES;
				CLANG_WARN_OBJC_ROOT_CLASS = YES_ERROR;
				CLANG_WARN_UNREACHABLE_CODE = YES;
				CLANG_WARN__DUPLICATE_METHOD_MATCH = YES;
				"CODE_SIGN_IDENTITY[sdk=iphoneos*]" = "iPhone Developer";
				COPY_PHASE_STRIP = NO;
				DEBUG_INFORMATION_FORMAT = "dwarf-with-dsym";
				ENABLE_NS_ASSERTIONS = NO;
				ENABLE_STRICT_OBJC_MSGSEND = YES;
				GCC_C_LANGUAGE_STANDARD = gnu99;
				GCC_NO_COMMON_BLOCKS = YES;
				GCC_WARN_64_TO_32_BIT_CONVERSION = YES;
				GCC_WARN_ABOUT_RETURN_TYPE = YES_ERROR;
				GCC_WARN_UNDECLARED_SELECTOR = YES;
				GCC_WARN_UNINITIALIZED_AUTOS = YES_AGGRESSIVE;
				GCC_WARN_UNUSED_FUNCTION = YES;
				GCC_WARN_UNUSED_VARIABLE = YES;
				IPHONEOS_DEPLOYMENT_TARGET = 9.3;
				MTL_ENABLE_DEBUG_INFO = NO;
				SDKROOT = iphoneos;
				TARGETED_DEVICE_FAMILY = "1,2";
				VALIDATE_PRODUCT = YES;
			};
			name = Release;
		};
		80B9E0BB1D53AE4800E97B9C /* Debug */ = {
			isa = XCBuildConfiguration;
			baseConfigurationReference = FE8D5E46F98FC844BE6672D4 /* Pods-Uber4Snakz.debug.xcconfig */;
			buildSettings = {
				ASSETCATALOG_COMPILER_APPICON_NAME = AppIcon;
				INFOPLIST_FILE = Uber4Snakz/Info.plist;
				LD_RUNPATH_SEARCH_PATHS = "$(inherited) @executable_path/Frameworks";
				PRODUCT_BUNDLE_IDENTIFIER = co.ijvp.Uber4Snakz;
				PRODUCT_NAME = "$(TARGET_NAME)";
			};
			name = Debug;
		};
		80B9E0BC1D53AE4800E97B9C /* Release */ = {
			isa = XCBuildConfiguration;
			baseConfigurationReference = 822C4C92836B0C0445316EBB /* Pods-Uber4Snakz.release.xcconfig */;
			buildSettings = {
				ASSETCATALOG_COMPILER_APPICON_NAME = AppIcon;
				INFOPLIST_FILE = Uber4Snakz/Info.plist;
				LD_RUNPATH_SEARCH_PATHS = "$(inherited) @executable_path/Frameworks";
				PRODUCT_BUNDLE_IDENTIFIER = co.ijvp.Uber4Snakz;
				PRODUCT_NAME = "$(TARGET_NAME)";
			};
			name = Release;
		};
/* End XCBuildConfiguration section */

/* Begin XCConfigurationList section */
		80B9E0A31D53AE4800E97B9C /* Build configuration list for PBXProject "Uber4Snakz" */ = {
			isa = XCConfigurationList;
			buildConfigurations = (
				80B9E0B81D53AE4800E97B9C /* Debug */,
				80B9E0B91D53AE4800E97B9C /* Release */,
			);
			defaultConfigurationIsVisible = 0;
			defaultConfigurationName = Release;
		};
		80B9E0BA1D53AE4800E97B9C /* Build configuration list for PBXNativeTarget "Uber4Snakz" */ = {
			isa = XCConfigurationList;
			buildConfigurations = (
				80B9E0BB1D53AE4800E97B9C /* Debug */,
				80B9E0BC1D53AE4800E97B9C /* Release */,
			);
			defaultConfigurationIsVisible = 0;
			defaultConfigurationName = Release;
		};
/* End XCConfigurationList section */
	};
	rootObject = 80B9E0A01D53AE4800E97B9C /* Project object */;
}
